# THIS IS AN AUTOGENERATED FILE. DO NOT EDIT THIS FILE DIRECTLY.
# yarn lockfile v1


httpreq@>=0.4.22:
  version "0.4.24"
  resolved "http://sigvnexus.lyon-dev2.local:8081/repository/npm-all/httpreq/-/httpreq-0.4.24.tgz#4335ffd82cd969668a39465c929ac61d6393627f"

underscore@~1.7.0:
  version "1.7.0"
  resolved "http://sigvnexus.lyon-dev2.local:8081/repository/npm-all/underscore/-/underscore-1.7.0.tgz#6bbaf0877500d36be34ecaa584e0db9fef035209"
